# THIS IS AN AUTOGENERATED FILE. DO NOT EDIT THIS FILE DIRECTLY.
# yarn lockfile v1


"@types/flexsearch@^0.7.3":
  version "0.7.3"
  resolved "https://registry.yarnpkg.com/@types/flexsearch/-/flexsearch-0.7.3.tgz#ee79b1618035c82284278e05652e91116765b634"
  integrity sha512-HXwADeHEP4exXkCIwy2n1+i0f1ilP1ETQOH5KDOugjkTFZPntWo0Gr8stZOaebkxsdx+k0X/K6obU/+it07ocg==
